
Microsoft Visual Studio Solution File, Format Version 12.00
# Visual Studio Version 17
VisualStudioVersion = 17.7.34202.233
MinimumVisualStudioVersion = 10.0.40219.1
Project("{FAE04EC0-301F-11D3-BF4B-00C04F79EFBC}") = "BlazorApp1.Server", "BlazorApp1\Server\BlazorApp1.Server.csproj", "{3196A193-D6DB-4996-93C4-21A7AF5E5068}"
EndProject
Project("{FAE04EC0-301F-11D3-BF4B-00C04F79EFBC}") = "BlazorApp1.Client", "BlazorApp1\Client\BlazorApp1.Client.csproj", "{143375CF-8AF3-4D20-84A1-268C58425232}"
EndProject
Project("{FAE04EC0-301F-11D3-BF4B-00C04F79EFBC}") = "BlazorApp1.Shared", "BlazorApp1\Shared\BlazorApp1.Shared.csproj", "{312F4E61-8A3B-4140-B298-915DEF1C9537}"
EndProject
Global
	GlobalSection(SolutionConfigurationPlatforms) = preSolution
		Debug|Any CPU = Debug|Any CPU
		Release|Any CPU = Release|Any CPU
	EndGlobalSection
	GlobalSection(ProjectConfigurationPlatforms) = postSolution
		{3196A193-D6DB-4996-93C4-21A7AF5E5068}.Debug|Any CPU.ActiveCfg = Debug|Any CPU
		{3196A193-D6DB-4996-93C4-21A7AF5E5068}.Debug|Any CPU.Build.0 = Debug|Any CPU
		{3196A193-D6DB-4996-93C4-21A7AF5E5068}.Release|Any CPU.ActiveCfg = Release|Any CPU
		{3196A193-D6DB-4996-93C4-21A7AF5E5068}.Release|Any CPU.Build.0 = Release|Any CPU
		{143375CF-8AF3-4D20-84A1-268C58425232}.Debug|Any CPU.ActiveCfg = Debug|Any CPU
		{143375CF-8AF3-4D20-84A1-268C58425232}.Debug|Any CPU.Build.0 = Debug|Any CPU
		{143375CF-8AF3-4D20-84A1-268C58425232}.Release|Any CPU.ActiveCfg = Release|Any CPU
		{143375CF-8AF3-4D20-84A1-268C58425232}.Release|Any CPU.Build.0 = Release|Any CPU
		{312F4E61-8A3B-4140-B298-915DEF1C9537}.Debug|Any CPU.ActiveCfg = Debug|Any CPU
		{312F4E61-8A3B-4140-B298-915DEF1C9537}.Debug|Any CPU.Build.0 = Debug|Any CPU
		{312F4E61-8A3B-4140-B298-915DEF1C9537}.Release|Any CPU.ActiveCfg = Release|Any CPU
		{312F4E61-8A3B-4140-B298-915DEF1C9537}.Release|Any CPU.Build.0 = Release|Any CPU
	EndGlobalSection
	GlobalSection(SolutionProperties) = preSolution
		HideSolutionNode = FALSE
	EndGlobalSection
	GlobalSection(ExtensibilityGlobals) = postSolution
		SolutionGuid = {E487F2CD-045C-498C-AA95-C49E411445BE}
	EndGlobalSection
EndGlobal
